
Microsoft Visual Studio Solution File, Format Version 12.00
# Visual Studio Version 17
VisualStudioVersion = 17.5.2.0
MinimumVisualStudioVersion = 10.0.40219.1
Project("{2150E333-8FDC-42A3-9474-1A3956D46DE8}") = "tests", "tests", "{0AB3BF05-4346-4AA6-1389-037BE0695223}"
EndProject
Project("{2150E333-8FDC-42A3-9474-1A3956D46DE8}") = "api", "api", "{D82C56D6-B2CD-F611-9E31-04638F7EC30E}"
EndProject
Project("{FAE04EC0-301F-11D3-BF4B-00C04F79EFBC}") = "Integration", "tests\Integration\Integration.csproj", "{7F223786-CC03-C819-4E65-53898A69818C}"
EndProject
Project("{FAE04EC0-301F-11D3-BF4B-00C04F79EFBC}") = "Api", "api\Api\Api.csproj", "{29E56B9D-A30D-5F9A-ACA3-F90F35E91D53}"
EndProject
Project("{FAE04EC0-301F-11D3-BF4B-00C04F79EFBC}") = "Application", "api\Application\Application.csproj", "{D66431F7-198D-6D78-5258-BC5678952FA3}"
EndProject
Project("{FAE04EC0-301F-11D3-BF4B-00C04F79EFBC}") = "Infrastructure", "api\Infrastructure\Infrastructure.csproj", "{86EB6CC5-9C9A-59AD-AE93-57FD5C074D40}"
EndProject
Project("{FAE04EC0-301F-11D3-BF4B-00C04F79EFBC}") = "Domain", "api\Domain\Domain.csproj", "{09775FBA-5C98-D235-4FE5-BFDF5470C2E3}"
EndProject
Project("{FAE04EC0-301F-11D3-BF4B-00C04F79EFBC}") = "MessageWorker", "api\MessageWorker\MessageWorker.csproj", "{E1E1E1E1-E1E1-E1E1-E1E1-E1E1E1E1E1E1}"
EndProject
Project("{FAE04EC0-301F-11D3-BF4B-00C04F79EFBC}") = "PersistenceWorker", "api\PersistenceWorker\PersistenceWorker.csproj", "{27260671-0B96-999D-D458-65C20A8E978D}"
EndProject
Project("{FAE04EC0-301F-11D3-BF4B-00C04F79EFBC}") = "EngagementWorker", "api\EngagementWorker\EngagementWorker.csproj", "{F2F2F2F2-F2F2-F2F2-F2F2-F2F2F2F2F2F2}"
EndProject
Project("{FAE04EC0-301F-11D3-BF4B-00C04F79EFBC}") = "Unit", "tests\Unit\Unit.csproj", "{5D4596DC-1B20-4FE3-901B-ECA9F69CA5CF}"
EndProject
Global
	GlobalSection(SolutionConfigurationPlatforms) = preSolution
		Debug|Any CPU = Debug|Any CPU
		Debug|x64 = Debug|x64
		Debug|x86 = Debug|x86
		Release|Any CPU = Release|Any CPU
		Release|x64 = Release|x64
		Release|x86 = Release|x86
	EndGlobalSection
	GlobalSection(ProjectConfigurationPlatforms) = postSolution
		{7F223786-CC03-C819-4E65-53898A69818C}.Debug|Any CPU.ActiveCfg = Debug|Any CPU
		{7F223786-CC03-C819-4E65-53898A69818C}.Debug|Any CPU.Build.0 = Debug|Any CPU
		{7F223786-CC03-C819-4E65-53898A69818C}.Debug|x64.ActiveCfg = Debug|Any CPU
		{7F223786-CC03-C819-4E65-53898A69818C}.Debug|x64.Build.0 = Debug|Any CPU
		{7F223786-CC03-C819-4E65-53898A69818C}.Debug|x86.ActiveCfg = Debug|Any CPU
		{7F223786-CC03-C819-4E65-53898A69818C}.Debug|x86.Build.0 = Debug|Any CPU
		{7F223786-CC03-C819-4E65-53898A69818C}.Release|Any CPU.ActiveCfg = Release|Any CPU
		{7F223786-CC03-C819-4E65-53898A69818C}.Release|Any CPU.Build.0 = Release|Any CPU
		{7F223786-CC03-C819-4E65-53898A69818C}.Release|x64.ActiveCfg = Release|Any CPU
		{7F223786-CC03-C819-4E65-53898A69818C}.Release|x64.Build.0 = Release|Any CPU
		{7F223786-CC03-C819-4E65-53898A69818C}.Release|x86.ActiveCfg = Release|Any CPU
		{7F223786-CC03-C819-4E65-53898A69818C}.Release|x86.Build.0 = Release|Any CPU
		{29E56B9D-A30D-5F9A-ACA3-F90F35E91D53}.Debug|Any CPU.ActiveCfg = Debug|Any CPU
		{29E56B9D-A30D-5F9A-ACA3-F90F35E91D53}.Debug|Any CPU.Build.0 = Debug|Any CPU
		{29E56B9D-A30D-5F9A-ACA3-F90F35E91D53}.Debug|x64.ActiveCfg = Debug|Any CPU
		{29E56B9D-A30D-5F9A-ACA3-F90F35E91D53}.Debug|x64.Build.0 = Debug|Any CPU
		{29E56B9D-A30D-5F9A-ACA3-F90F35E91D53}.Debug|x86.ActiveCfg = Debug|Any CPU
		{29E56B9D-A30D-5F9A-ACA3-F90F35E91D53}.Debug|x86.Build.0 = Debug|Any CPU
		{29E56B9D-A30D-5F9A-ACA3-F90F35E91D53}.Release|Any CPU.ActiveCfg = Release|Any CPU
		{29E56B9D-A30D-5F9A-ACA3-F90F35E91D53}.Release|Any CPU.Build.0 = Release|Any CPU
		{29E56B9D-A30D-5F9A-ACA3-F90F35E91D53}.Release|x64.ActiveCfg = Release|Any CPU
		{29E56B9D-A30D-5F9A-ACA3-F90F35E91D53}.Release|x64.Build.0 = Release|Any CPU
		{29E56B9D-A30D-5F9A-ACA3-F90F35E91D53}.Release|x86.ActiveCfg = Release|Any CPU
		{29E56B9D-A30D-5F9A-ACA3-F90F35E91D53}.Release|x86.Build.0 = Release|Any CPU
		{D66431F7-198D-6D78-5258-BC5678952FA3}.Debug|Any CPU.ActiveCfg = Debug|Any CPU
		{D66431F7-198D-6D78-5258-BC5678952FA3}.Debug|Any CPU.Build.0 = Debug|Any CPU
		{D66431F7-198D-6D78-5258-BC5678952FA3}.Debug|x64.ActiveCfg = Debug|Any CPU
		{D66431F7-198D-6D78-5258-BC5678952FA3}.Debug|x64.Build.0 = Debug|Any CPU
		{D66431F7-198D-6D78-5258-BC5678952FA3}.Debug|x86.ActiveCfg = Debug|Any CPU
		{D66431F7-198D-6D78-5258-BC5678952FA3}.Debug|x86.Build.0 = Debug|Any CPU
		{D66431F7-198D-6D78-5258-BC5678952FA3}.Release|Any CPU.ActiveCfg = Release|Any CPU
		{D66431F7-198D-6D78-5258-BC5678952FA3}.Release|Any CPU.Build.0 = Release|Any CPU
		{D66431F7-198D-6D78-5258-BC5678952FA3}.Release|x64.ActiveCfg = Release|Any CPU
		{D66431F7-198D-6D78-5258-BC5678952FA3}.Release|x64.Build.0 = Release|Any CPU
		{D66431F7-198D-6D78-5258-BC5678952FA3}.Release|x86.ActiveCfg = Release|Any CPU
		{D66431F7-198D-6D78-5258-BC5678952FA3}.Release|x86.Build.0 = Release|Any CPU
		{86EB6CC5-9C9A-59AD-AE93-57FD5C074D40}.Debug|Any CPU.ActiveCfg = Debug|Any CPU
		{86EB6CC5-9C9A-59AD-AE93-57FD5C074D40}.Debug|Any CPU.Build.0 = Debug|Any CPU
		{86EB6CC5-9C9A-59AD-AE93-57FD5C074D40}.Debug|x64.ActiveCfg = Debug|Any CPU
		{86EB6CC5-9C9A-59AD-AE93-57FD5C074D40}.Debug|x64.Build.0 = Debug|Any CPU
		{86EB6CC5-9C9A-59AD-AE93-57FD5C074D40}.Debug|x86.ActiveCfg = Debug|Any CPU
		{86EB6CC5-9C9A-59AD-AE93-57FD5C074D40}.Debug|x86.Build.0 = Debug|Any CPU
		{86EB6CC5-9C9A-59AD-AE93-57FD5C074D40}.Release|Any CPU.ActiveCfg = Release|Any CPU
		{86EB6CC5-9C9A-59AD-AE93-57FD5C074D40}.Release|Any CPU.Build.0 = Release|Any CPU
		{86EB6CC5-9C9A-59AD-AE93-57FD5C074D40}.Release|x64.ActiveCfg = Release|Any CPU
		{86EB6CC5-9C9A-59AD-AE93-57FD5C074D40}.Release|x64.Build.0 = Release|Any CPU
		{86EB6CC5-9C9A-59AD-AE93-57FD5C074D40}.Release|x86.ActiveCfg = Release|Any CPU
		{86EB6CC5-9C9A-59AD-AE93-57FD5C074D40}.Release|x86.Build.0 = Release|Any CPU
		{09775FBA-5C98-D235-4FE5-BFDF5470C2E3}.Debug|Any CPU.ActiveCfg = Debug|Any CPU
		{09775FBA-5C98-D235-4FE5-BFDF5470C2E3}.Debug|Any CPU.Build.0 = Debug|Any CPU
		{09775FBA-5C98-D235-4FE5-BFDF5470C2E3}.Debug|x64.ActiveCfg = Debug|Any CPU
		{09775FBA-5C98-D235-4FE5-BFDF5470C2E3}.Debug|x64.Build.0 = Debug|Any CPU
		{09775FBA-5C98-D235-4FE5-BFDF5470C2E3}.Debug|x86.ActiveCfg = Debug|Any CPU
		{09775FBA-5C98-D235-4FE5-BFDF5470C2E3}.Debug|x86.Build.0 = Debug|Any CPU
		{09775FBA-5C98-D235-4FE5-BFDF5470C2E3}.Release|Any CPU.ActiveCfg = Release|Any CPU
		{09775FBA-5C98-D235-4FE5-BFDF5470C2E3}.Release|Any CPU.Build.0 = Release|Any CPU
		{09775FBA-5C98-D235-4FE5-BFDF5470C2E3}.Release|x64.ActiveCfg = Release|Any CPU
		{09775FBA-5C98-D235-4FE5-BFDF5470C2E3}.Release|x64.Build.0 = Release|Any CPU
		{09775FBA-5C98-D235-4FE5-BFDF5470C2E3}.Release|x86.ActiveCfg = Release|Any CPU
		{09775FBA-5C98-D235-4FE5-BFDF5470C2E3}.Release|x86.Build.0 = Release|Any CPU
		{E1E1E1E1-E1E1-E1E1-E1E1-E1E1E1E1E1E1}.Debug|Any CPU.ActiveCfg = Debug|Any CPU
		{E1E1E1E1-E1E1-E1E1-E1E1-E1E1E1E1E1E1}.Debug|Any CPU.Build.0 = Debug|Any CPU
		{E1E1E1E1-E1E1-E1E1-E1E1-E1E1E1E1E1E1}.Debug|x64.ActiveCfg = Debug|Any CPU
		{E1E1E1E1-E1E1-E1E1-E1E1-E1E1E1E1E1E1}.Debug|x64.Build.0 = Debug|Any CPU
		{E1E1E1E1-E1E1-E1E1-E1E1-E1E1E1E1E1E1}.Debug|x86.ActiveCfg = Debug|Any CPU
		{E1E1E1E1-E1E1-E1E1-E1E1-E1E1E1E1E1E1}.Debug|x86.Build.0 = Debug|Any CPU
		{E1E1E1E1-E1E1-E1E1-E1E1-E1E1E1E1E1E1}.Release|Any CPU.ActiveCfg = Release|Any CPU
		{E1E1E1E1-E1E1-E1E1-E1E1-E1E1E1E1E1E1}.Release|Any CPU.Build.0 = Release|Any CPU
		{E1E1E1E1-E1E1-E1E1-E1E1-E1E1E1E1E1E1}.Release|x64.ActiveCfg = Release|Any CPU
		{E1E1E1E1-E1E1-E1E1-E1E1-E1E1E1E1E1E1}.Release|x64.Build.0 = Release|Any CPU
		{E1E1E1E1-E1E1-E1E1-E1E1-E1E1E1E1E1E1}.Release|x86.ActiveCfg = Release|Any CPU
		{E1E1E1E1-E1E1-E1E1-E1E1-E1E1E1E1E1E1}.Release|x86.Build.0 = Release|Any CPU
		{27260671-0B96-999D-D458-65C20A8E978D}.Debug|Any CPU.ActiveCfg = Debug|Any CPU
		{27260671-0B96-999D-D458-65C20A8E978D}.Debug|Any CPU.Build.0 = Debug|Any CPU
		{27260671-0B96-999D-D458-65C20A8E978D}.Debug|x64.ActiveCfg = Debug|Any CPU
		{27260671-0B96-999D-D458-65C20A8E978D}.Debug|x64.Build.0 = Debug|Any CPU
		{27260671-0B96-999D-D458-65C20A8E978D}.Debug|x86.ActiveCfg = Debug|Any CPU
		{27260671-0B96-999D-D458-65C20A8E978D}.Debug|x86.Build.0 = Debug|Any CPU
		{27260671-0B96-999D-D458-65C20A8E978D}.Release|Any CPU.ActiveCfg = Release|Any CPU
		{27260671-0B96-999D-D458-65C20A8E978D}.Release|Any CPU.Build.0 = Release|Any CPU
		{27260671-0B96-999D-D458-65C20A8E978D}.Release|x64.ActiveCfg = Release|Any CPU
		{27260671-0B96-999D-D458-65C20A8E978D}.Release|x64.Build.0 = Release|Any CPU
		{27260671-0B96-999D-D458-65C20A8E978D}.Release|x86.ActiveCfg = Release|Any CPU
		{27260671-0B96-999D-D458-65C20A8E978D}.Release|x86.Build.0 = Release|Any CPU
		{F2F2F2F2-F2F2-F2F2-F2F2-F2F2F2F2F2F2}.Debug|Any CPU.ActiveCfg = Debug|Any CPU
		{F2F2F2F2-F2F2-F2F2-F2F2-F2F2F2F2F2F2}.Debug|Any CPU.Build.0 = Debug|Any CPU
		{F2F2F2F2-F2F2-F2F2-F2F2-F2F2F2F2F2F2}.Debug|x64.ActiveCfg = Debug|Any CPU
		{F2F2F2F2-F2F2-F2F2-F2F2-F2F2-F2F2F2F2F2F2}.Debug|x64.Build.0 = Debug|Any CPU
		{F2F2F2F2-F2F2-F2F2-F2F2-F2F2F2F2F2F2}.Debug|x86.ActiveCfg = Debug|Any CPU
		{F2F2F2F2-F2F2-F2F2-F2F2-F2F2F2F2F2F2}.Debug|x86.Build.0 = Debug|Any CPU
		{F2F2F2F2-F2F2-F2F2-F2F2-F2F2F2F2F2F2}.Release|Any CPU.ActiveCfg = Release|Any CPU
		{F2F2F2F2-F2F2-F2F2-F2F2-F2F2F2F2F2F2}.Release|Any CPU.Build.0 = Release|Any CPU
		{F2F2F2F2-F2F2-F2F2-F2F2-F2F2F2F2F2F2}.Release|x64.ActiveCfg = Release|Any CPU
		{F2F2F2F2-F2F2-F2F2-F2F2-F2F2F2F2F2F2}.Release|x64.Build.0 = Release|Any CPU
		{F2F2F2F2-F2F2-F2F2-F2F2-F2F2F2F2F2F2}.Release|x86.ActiveCfg = Release|Any CPU
		{F2F2F2F2-F2F2-F2F2-F2F2-F2F2F2F2F2F2}.Release|x86.Build.0 = Release|Any CPU
		{5D4596DC-1B20-4FE3-901B-ECA9F69CA5CF}.Debug|Any CPU.ActiveCfg = Debug|Any CPU
		{5D4596DC-1B20-4FE3-901B-ECA9F69CA5CF}.Debug|Any CPU.Build.0 = Debug|Any CPU
		{5D4596DC-1B20-4FE3-901B-ECA9F69CA5CF}.Debug|x64.ActiveCfg = Debug|Any CPU
		{5D4596DC-1B20-4FE3-901B-ECA9F69CA5CF}.Debug|x64.Build.0 = Debug|Any CPU
		{5D4596DC-1B20-4FE3-901B-ECA9F69CA5CF}.Debug|x86.ActiveCfg = Debug|Any CPU
		{5D4596DC-1B20-4FE3-901B-ECA9F69CA5CF}.Debug|x86.Build.0 = Debug|Any CPU
		{5D4596DC-1B20-4FE3-901B-ECA9F69CA5CF}.Release|Any CPU.ActiveCfg = Release|Any CPU
		{5D4596DC-1B20-4FE3-901B-ECA9F69CA5CF}.Release|Any CPU.Build.0 = Release|Any CPU
		{5D4596DC-1B20-4FE3-901B-ECA9F69CA5CF}.Release|x64.ActiveCfg = Release|Any CPU
		{5D4596DC-1B20-4FE3-901B-ECA9F69CA5CF}.Release|x64.Build.0 = Release|Any CPU
		{5D4596DC-1B20-4FE3-901B-ECA9F69CA5CF}.Release|x86.ActiveCfg = Release|Any CPU
		{5D4596DC-1B20-4FE3-901B-ECA9F69CA5CF}.Release|x86.Build.0 = Release|Any CPU
	EndGlobalSection
	GlobalSection(SolutionProperties) = preSolution
		HideSolutionNode = FALSE
	EndGlobalSection
	GlobalSection(NestedProjects) = preSolution
		{7F223786-CC03-C819-4E65-53898A69818C} = {0AB3BF05-4346-4AA6-1389-037BE0695223}
		{29E56B9D-A30D-5F9A-ACA3-F90F35E91D53} = {D82C56D6-B2CD-F611-9E31-04638F7EC30E}
		{D66431F7-198D-6D78-5258-BC5678952FA3} = {D82C56D6-B2CD-F611-9E31-04638F7EC30E}
		{86EB6CC5-9C9A-59AD-AE93-57FD5C074D40} = {D82C56D6-B2CD-F611-9E31-04638F7EC30E}
		{09775FBA-5C98-D235-4FE5-BFDF5470C2E3} = {D82C56D6-B2CD-F611-9E31-04638F7EC30E}
		{E1E1E1E1-E1E1-E1E1-E1E1-E1E1E1E1E1E1} = {D82C56D6-B2CD-F611-9E31-04638F7EC30E}
		{F2F2F2F2-F2F2-F2F2-F2F2-F2F2F2F2F2F2} = {D82C56D6-B2CD-F611-9E31-04638F7EC30E}
		{5D4596DC-1B20-4FE3-901B-ECA9F69CA5CF} = {0AB3BF05-4346-4AA6-1389-037BE0695223}
	EndGlobalSection
	GlobalSection(ExtensibilityGlobals) = postSolution
		SolutionGuid = {0B58F1D2-C67C-4AEA-ABC5-6D293301F331}
	EndGlobalSection
EndGlobal
